
Microsoft Visual Studio Solution File, Format Version 12.00
# Visual Studio Version 16
VisualStudioVersion = 16.0.28803.156
MinimumVisualStudioVersion = 10.0.40219.1
Project("{FAE04EC0-301F-11D3-BF4B-00C04F79EFBC}") = "PinCombain", "PinCombain\PinCombain.csproj", "{D0F858DB-DB0D-4D0D-A940-A113B535B21B}"
EndProject
Global
	GlobalSection(SolutionConfigurationPlatforms) = preSolution
		Debug|Any CPU = Debug|Any CPU
		Release|Any CPU = Release|Any CPU
	EndGlobalSection
	GlobalSection(ProjectConfigurationPlatforms) = postSolution
		{D0F858DB-DB0D-4D0D-A940-A113B535B21B}.Debug|Any CPU.ActiveCfg = Debug|Any CPU
		{D0F858DB-DB0D-4D0D-A940-A113B535B21B}.Debug|Any CPU.Build.0 = Debug|Any CPU
		{D0F858DB-DB0D-4D0D-A940-A113B535B21B}.Release|Any CPU.ActiveCfg = Release|Any CPU
		{D0F858DB-DB0D-4D0D-A940-A113B535B21B}.Release|Any CPU.Build.0 = Release|Any CPU
	EndGlobalSection
	GlobalSection(SolutionProperties) = preSolution
		HideSolutionNode = FALSE
	EndGlobalSection
	GlobalSection(ExtensibilityGlobals) = postSolution
		SolutionGuid = {F0996B49-BCAD-40F3-A99E-CA2DAB824654}
	EndGlobalSection
EndGlobal
